<?xml version="1.0" encoding="utf-8"?>
<Project ToolsVersion="4.0" xmlns="http://schemas.microsoft.com/developer/msbuild/2003">
  <ItemGroup>
    <Filter Include="源文件">
      <UniqueIdentifier>{4FC737F1-C7A5-4376-A066-2A32D752A2FF}</UniqueIdentifier>
      <Extensions>cpp;c;cc;cxx;c++;cppm;ixx;def;odl;idl;hpj;bat;asm;asmx</Extensions>
    </Filter>
    <Filter Include="头文件">
      <UniqueIdentifier>{93995380-89BD-4b04-88EB-625FBE52EBFB}</UniqueIdentifier>
      <Extensions>h;hh;hpp;hxx;h++;hm;inl;inc;ipp;xsd</Extensions>
    </Filter>
    <Filter Include="资源文件">
      <UniqueIdentifier>{67DA6AB6-F800-4c08-8B7A-83BB121AAD01}</UniqueIdentifier>
      <Extensions>rc;ico;cur;bmp;dlg;rc2;rct;bin;rgs;gif;jpg;jpeg;jpe;resx;tiff;tif;png;wav;mfcribbon-ms</Extensions>
    </Filter>
  </ItemGroup>
  <ItemGroup>
<<<<<<< HEAD
<<<<<<< HEAD
    <ClCompile Include="src\glad.c">
      <Filter>源文件\lib</Filter>
<<<<<<< HEAD
    </ClCompile>
    <ClCompile Include="TriggerManager.cpp">
      <Filter>源文件\tools</Filter>
=======
=======
    <ClCompile Include="test.cpp">
      <Filter>源文件</Filter>
>>>>>>> parent of e49752d (Initially complete window and trangle glProgram base class test)
    </ClCompile>
=======
    <ClCompile Include="test.cpp">
      <Filter>源文件</Filter>
    </ClCompile>
>>>>>>> parent of e49752d (Initially complete window and trangle glProgram base class test)
    <ClCompile Include="src\glad.c">
      <Filter>源文件</Filter>
    </ClCompile>
    <ClCompile Include="practice.cpp">
<<<<<<< HEAD
<<<<<<< HEAD
      <Filter>源文件\tutorial\start</Filter>
    </ClCompile>
    <ClCompile Include="test.cpp">
      <Filter>源文件\tutorial\start</Filter>
>>>>>>> e49752da7bc786b0cb381c50a45ff614fcbe40b9
    </ClCompile>
    <ClCompile Include="GLBaseProgram.cpp">
      <Filter>源文件\tools\base</Filter>
    </ClCompile>
    <ClCompile Include="Tools.cpp">
      <Filter>源文件\tools</Filter>
<<<<<<< HEAD
    </ClCompile>
    <ClCompile Include="HelloWindow.cpp">
      <Filter>源文件\tutorial\start</Filter>
    </ClCompile>
    <ClCompile Include="HelloTrangle.cpp">
      <Filter>源文件</Filter>
=======
>>>>>>> e49752da7bc786b0cb381c50a45ff614fcbe40b9
    </ClCompile>
    <ClCompile Include="test.cpp">
      <Filter>源文件\tutorial</Filter>
    </ClCompile>
    <ClCompile Include="practice.cpp">
      <Filter>源文件\tutorial</Filter>
=======
      <Filter>源文件</Filter>
    </ClCompile>
    <ClCompile Include="triggerManager.cpp">
      <Filter>源文件</Filter>
>>>>>>> parent of e49752d (Initially complete window and trangle glProgram base class test)
=======
      <Filter>源文件</Filter>
    </ClCompile>
    <ClCompile Include="triggerManager.cpp">
      <Filter>源文件</Filter>
>>>>>>> parent of e49752d (Initially complete window and trangle glProgram base class test)
    </ClCompile>
  </ItemGroup>
  <ItemGroup>
    <ClInclude Include="test.h">
      <Filter>头文件</Filter>
    </ClInclude>
    <ClInclude Include="practice.h">
      <Filter>头文件</Filter>
    </ClInclude>
<<<<<<< HEAD
<<<<<<< HEAD
    <ClInclude Include="TriggerManager.h">
<<<<<<< HEAD
      <Filter>头文件</Filter>
    </ClInclude>
    <ClInclude Include="GLBaseProgram.h">
      <Filter>头文件</Filter>
    </ClInclude>
    <ClInclude Include="Tools.h">
      <Filter>头文件</Filter>
    </ClInclude>
    <ClInclude Include="dataStruct.h">
      <Filter>头文件</Filter>
    </ClInclude>
    <ClInclude Include="resource.h">
      <Filter>头文件</Filter>
    </ClInclude>
    <ClInclude Include="HelloWindow.h">
      <Filter>头文件</Filter>
    </ClInclude>
    <ClInclude Include="HelloTrangle.h">
=======
      <Filter>头文件</Filter>
    </ClInclude>
    <ClInclude Include="GLBaseProgram.h">
      <Filter>头文件</Filter>
    </ClInclude>
    <ClInclude Include="Tools.h">
      <Filter>头文件</Filter>
    </ClInclude>
    <ClInclude Include="dataStruct.h">
      <Filter>头文件</Filter>
    </ClInclude>
    <ClInclude Include="resource.h">
>>>>>>> e49752da7bc786b0cb381c50a45ff614fcbe40b9
      <Filter>头文件</Filter>
    </ClInclude>
  </ItemGroup>
  <ItemGroup>
    <ResourceCompile Include="INTO_OpenGL.rc">
      <Filter>资源文件</Filter>
    </ResourceCompile>
=======
    <ClInclude Include="triggerManager.h">
      <Filter>头文件</Filter>
    </ClInclude>
>>>>>>> parent of e49752d (Initially complete window and trangle glProgram base class test)
=======
    <ClInclude Include="triggerManager.h">
      <Filter>头文件</Filter>
    </ClInclude>
>>>>>>> parent of e49752d (Initially complete window and trangle glProgram base class test)
  </ItemGroup>
</Project>